github.com/deosjr/lispadventures v0.0.0-20230506154713-c87f54cf0ae9 h1:UlK6lMctBHWOSC2IFKTlXru9q459TVPB97H3FBImSNc=
github.com/deosjr/lispadventures v0.0.0-20230506154713-c87f54cf0ae9/go.mod h1:IZOfb5MkERRgc1H4usnfIQj3G1YS+m3HGVUNxhESE/w=
github.com/pascaldekloe/goe v0.1.0/go.mod h1:lzWF7FIEvWOWxwDKqyGYQf6ZUaNfKdP144TG7ZOy1lc=
gocv.io/x/gocv v0.27.0 h1:3X8I74ULsWHd4m7DQRv2Nqx5VkKscfUFnKgLNodiboI=
gocv.io/x/gocv v0.27.0/go.mod h1:n4LnYjykU6y9gn48yZf4eLCdtuSb77XxSkW6g0wGf/A=
